{
  "name": "jokeapi",
  "version": "0.1.0",
  "lockfileVersion": 2,
  "requires": true,
  "packages": {
    "": {
      "name": "jokeapi",
      "version": "0.1.0",
      "license": "MIT",
      "dependencies": {
        "dotenv": "^6.2.0",
        "node-wrap": "^0.2.0",
        "svjsl": "^1.7.0"
      }
    },
    "node_modules/dotenv": {
      "version": "6.2.0",
      "resolved": "https://registry.npmjs.org/dotenv/-/dotenv-6.2.0.tgz",
      "integrity": "sha512-HygQCKUBSFl8wKQZBSemMywRWcEDNidvNbjGVyZu3nbZ8qq9ubiPoGLMdRDpfSrpkkm9BXYFkpKxxFX38o/76w=="
    },
    "node_modules/node-wrap": {
      "version": "0.2.0",
      "resolved": "https://registry.npmjs.org/node-wrap/-/node-wrap-0.2.0.tgz",
      "integrity": "sha512-q5nI3nfk1fHEYRNkDiqP04s9GrvhmQ+RxH+a/wE21GXbl+hcphlDaxrtO7duiXM41ilxaw4MtcXoV4pzDWdXnQ=="
    },
    "node_modules/svjsl": {
      "version": "1.7.0",
      "resolved": "https://registry.npmjs.org/svjsl/-/svjsl-1.7.0.tgz",
      "integrity": "sha512-AxTcLlV69uJSQq+t4uSJqIrURIxHTFSApSMoGwJS2Otk750T5PcRibYJ81dfFCquSYkyEBp9mtAU83sj3ZyX3w=="
    }
  },
  "dependencies": {
    "dotenv": {
      "version": "6.2.0",
      "resolved": "https://registry.npmjs.org/dotenv/-/dotenv-6.2.0.tgz",
      "integrity": "sha512-HygQCKUBSFl8wKQZBSemMywRWcEDNidvNbjGVyZu3nbZ8qq9ubiPoGLMdRDpfSrpkkm9BXYFkpKxxFX38o/76w=="
    },
    "node-wrap": {
      "version": "0.2.0",
      "resolved": "https://registry.npmjs.org/node-wrap/-/node-wrap-0.2.0.tgz",
      "integrity": "sha512-q5nI3nfk1fHEYRNkDiqP04s9GrvhmQ+RxH+a/wE21GXbl+hcphlDaxrtO7duiXM41ilxaw4MtcXoV4pzDWdXnQ=="
    },
    "svjsl": {
      "version": "1.7.0",
      "resolved": "https://registry.npmjs.org/svjsl/-/svjsl-1.7.0.tgz",
      "integrity": "sha512-AxTcLlV69uJSQq+t4uSJqIrURIxHTFSApSMoGwJS2Otk750T5PcRibYJ81dfFCquSYkyEBp9mtAU83sj3ZyX3w=="
    }
  }
}
